// !$*UTF8*$!
{
	archiveVersion = 1;
	classes = {
	};
	objectVersion = 46;
	objects = {

/* Begin PBXBuildFile section */
		F9F2716916E4CEEC0048A75D /* UIKit.framework in Frameworks */ = {isa = PBXBuildFile; fileRef = F9F2716816E4CEEC0048A75D /* UIKit.framework */; };
		F9F2716B16E4CEEC0048A75D /* Foundation.framework in Frameworks */ = {isa = PBXBuildFile; fileRef = F9F2716A16E4CEEC0048A75D /* Foundation.framework */; };
		F9F2716D16E4CEEC0048A75D /* CoreGraphics.framework in Frameworks */ = {isa = PBXBuildFile; fileRef = F9F2716C16E4CEEC0048A75D /* CoreGraphics.framework */; };
		F9F2717316E4CEEC0048A75D /* InfoPlist.strings in Resources */ = {isa = PBXBuildFile; fileRef = F9F2717116E4CEEC0048A75D /* InfoPlist.strings */; };
		F9F2717516E4CEEC0048A75D /* main.m in Sources */ = {isa = PBXBuildFile; fileRef = F9F2717416E4CEEC0048A75D /* main.m */; };
		F9F2717916E4CEEC0048A75D /* SMAppDelegate.m in Sources */ = {isa = PBXBuildFile; fileRef = F9F2717816E4CEEC0048A75D /* SMAppDelegate.m */; };
		F9F2717B16E4CEEC0048A75D /* Default.png in Resources */ = {isa = PBXBuildFile; fileRef = F9F2717A16E4CEEC0048A75D /* Default.png */; };
		F9F2717D16E4CEEC0048A75D /* Default@2x.png in Resources */ = {isa = PBXBuildFile; fileRef = F9F2717C16E4CEEC0048A75D /* Default@2x.png */; };
		F9F2717F16E4CEEC0048A75D /* Default-568h@2x.png in Resources */ = {isa = PBXBuildFile; fileRef = F9F2717E16E4CEEC0048A75D /* Default-568h@2x.png */; };
		F9F2718216E4CEEC0048A75D /* MainStoryboard.storyboard in Resources */ = {isa = PBXBuildFile; fileRef = F9F2718016E4CEEC0048A75D /* MainStoryboard.storyboard */; };
		F9F2718516E4CEEC0048A75D /* SMViewController.m in Sources */ = {isa = PBXBuildFile; fileRef = F9F2718416E4CEEC0048A75D /* SMViewController.m */; };
/* End PBXBuildFile section */

/* Begin PBXFileReference section */
		F9F2716416E4CEEC0048A75D /* ScriptureMastery.app */ = {isa = PBXFileReference; explicitFileType = wrapper.application; includeInIndex = 0; path = ScriptureMastery.app; sourceTree = BUILT_PRODUCTS_DIR; };
		F9F2716816E4CEEC0048A75D /* UIKit.framework */ = {isa = PBXFileReference; lastKnownFileType = wrapper.framework; name = UIKit.framework; path = System/Library/Frameworks/UIKit.framework; sourceTree = SDKROOT; };
		F9F2716A16E4CEEC0048A75D /* Foundation.framework */ = {isa = PBXFileReference; lastKnownFileType = wrapper.framework; name = Foundation.framework; path = System/Library/Frameworks/Foundation.framework; sourceTree = SDKROOT; };
		F9F2716C16E4CEEC0048A75D /* CoreGraphics.framework */ = {isa = PBXFileReference; lastKnownFileType = wrapper.framework; name = CoreGraphics.framework; path = System/Library/Frameworks/CoreGraphics.framework; sourceTree = SDKROOT; };
		F9F2717016E4CEEC0048A75D /* ScriptureMastery-Info.plist */ = {isa = PBXFileReference; lastKnownFileType = text.plist.xml; path = "ScriptureMastery-Info.plist"; sourceTree = "<group>"; };
		F9F2717216E4CEEC0048A75D /* en */ = {isa = PBXFileReference; lastKnownFileType = text.plist.strings; name = en; path = en.lproj/InfoPlist.strings; sourceTree = "<group>"; };
		F9F2717416E4CEEC0048A75D /* main.m */ = {isa = PBXFileReference; lastKnownFileType = sourcecode.c.objc; path = main.m; sourceTree = "<group>"; };
		F9F2717616E4CEEC0048A75D /* ScriptureMastery-Prefix.pch */ = {isa = PBXFileReference; lastKnownFileType = sourcecode.c.h; path = "ScriptureMastery-Prefix.pch"; sourceTree = "<group>"; };
		F9F2717716E4CEEC0048A75D /* SMAppDelegate.h */ = {isa = PBXFileReference; lastKnownFileType = sourcecode.c.h; path = SMAppDelegate.h; sourceTree = "<group>"; };
		F9F2717816E4CEEC0048A75D /* SMAppDelegate.m */ = {isa = PBXFileReference; lastKnownFileType = sourcecode.c.objc; path = SMAppDelegate.m; sourceTree = "<group>"; };
		F9F2717A16E4CEEC0048A75D /* Default.png */ = {isa = PBXFileReference; lastKnownFileType = image.png; path = Default.png; sourceTree = "<group>"; };
		F9F2717C16E4CEEC0048A75D /* Default@2x.png */ = {isa = PBXFileReference; lastKnownFileType = image.png; path = "Default@2x.png"; sourceTree = "<group>"; };
		F9F2717E16E4CEEC0048A75D /* Default-568h@2x.png */ = {isa = PBXFileReference; lastKnownFileType = image.png; path = "Default-568h@2x.png"; sourceTree = "<group>"; };
		F9F2718116E4CEEC0048A75D /* en */ = {isa = PBXFileReference; lastKnownFileType = file.storyboard; name = en; path = en.lproj/MainStoryboard.storyboard; sourceTree = "<group>"; };
		F9F2718316E4CEEC0048A75D /* SMViewController.h */ = {isa = PBXFileReference; lastKnownFileType = sourcecode.c.h; path = SMViewController.h; sourceTree = "<group>"; };
		F9F2718416E4CEEC0048A75D /* SMViewController.m */ = {isa = PBXFileReference; lastKnownFileType = sourcecode.c.objc; path = SMViewController.m; sourceTree = "<group>"; };
/* End PBXFileReference section */

/* Begin PBXFrameworksBuildPhase section */
		F9F2716116E4CEEC0048A75D /* Frameworks */ = {
			isa = PBXFrameworksBuildPhase;
			buildActionMask = 2147483647;
			files = (
				F9F2716916E4CEEC0048A75D /* UIKit.framework in Frameworks */,
				F9F2716B16E4CEEC0048A75D /* Foundation.framework in Frameworks */,
				F9F2716D16E4CEEC0048A75D /* CoreGraphics.framework in Frameworks */,
			);
			runOnlyForDeploymentPostprocessing = 0;
		};
/* End PBXFrameworksBuildPhase section */

/* Begin PBXGroup section */
		F9F2715916E4CEEC0048A75D = {
			isa = PBXGroup;
			children = (
				F9F2716E16E4CEEC0048A75D /* ScriptureMastery */,
				F9F2716716E4CEEC0048A75D /* Frameworks */,
				F9F2716516E4CEEC0048A75D /* Products */,
			);
			sourceTree = "<group>";
		};
		F9F2716516E4CEEC0048A75D /* Products */ = {
			isa = PBXGroup;
			children = (
				F9F2716416E4CEEC0048A75D /* ScriptureMastery.app */,
			);
			name = Products;
			sourceTree = "<group>";
		};
		F9F2716716E4CEEC0048A75D /* Frameworks */ = {
			isa = PBXGroup;
			children = (
				F9F2716816E4CEEC0048A75D /* UIKit.framework */,
				F9F2716A16E4CEEC0048A75D /* Foundation.framework */,
				F9F2716C16E4CEEC0048A75D /* CoreGraphics.framework */,
			);
			name = Frameworks;
			sourceTree = "<group>";
		};
		F9F2716E16E4CEEC0048A75D /* ScriptureMastery */ = {
			isa = PBXGroup;
			children = (
				F9F2717716E4CEEC0048A75D /* SMAppDelegate.h */,
				F9F2717816E4CEEC0048A75D /* SMAppDelegate.m */,
				F9F2718016E4CEEC0048A75D /* MainStoryboard.storyboard */,
				F9F2718316E4CEEC0048A75D /* SMViewController.h */,
				F9F2718416E4CEEC0048A75D /* SMViewController.m */,
				F9F2716F16E4CEEC0048A75D /* Supporting Files */,
			);
			path = ScriptureMastery;
			sourceTree = "<group>";
		};
		F9F2716F16E4CEEC0048A75D /* Supporting Files */ = {
			isa = PBXGroup;
			children = (
				F9F2717016E4CEEC0048A75D /* ScriptureMastery-Info.plist */,
				F9F2717116E4CEEC0048A75D /* InfoPlist.strings */,
				F9F2717416E4CEEC0048A75D /* main.m */,
				F9F2717616E4CEEC0048A75D /* ScriptureMastery-Prefix.pch */,
				F9F2717A16E4CEEC0048A75D /* Default.png */,
				F9F2717C16E4CEEC0048A75D /* Default@2x.png */,
				F9F2717E16E4CEEC0048A75D /* Default-568h@2x.png */,
			);
			name = "Supporting Files";
			sourceTree = "<group>";
		};
/* End PBXGroup section */

/* Begin PBXNativeTarget section */
		F9F2716316E4CEEC0048A75D /* ScriptureMastery */ = {
			isa = PBXNativeTarget;
			buildConfigurationList = F9F2718816E4CEEC0048A75D /* Build configuration list for PBXNativeTarget "ScriptureMastery" */;
			buildPhases = (
				F9F2716016E4CEEC0048A75D /* Sources */,
				F9F2716116E4CEEC0048A75D /* Frameworks */,
				F9F2716216E4CEEC0048A75D /* Resources */,
			);
			buildRules = (
			);
			dependencies = (
			);
			name = ScriptureMastery;
			productName = ScriptureMastery;
			productReference = F9F2716416E4CEEC0048A75D /* ScriptureMastery.app */;
			productType = "com.apple.product-type.application";
		};
/* End PBXNativeTarget section */

/* Begin PBXProject section */
		F9F2715B16E4CEEC0048A75D /* Project object */ = {
			isa = PBXProject;
			attributes = {
				CLASSPREFIX = SM;
				LastUpgradeCheck = 0450;
				ORGANIZATIONNAME = "Benjamin Limb";
			};
			buildConfigurationList = F9F2715E16E4CEEC0048A75D /* Build configuration list for PBXProject "ScriptureMastery" */;
			compatibilityVersion = "Xcode 3.2";
			developmentRegion = English;
			hasScannedForEncodings = 0;
			knownRegions = (
				en,
			);
			mainGroup = F9F2715916E4CEEC0048A75D;
			productRefGroup = F9F2716516E4CEEC0048A75D /* Products */;
			projectDirPath = "";
			projectRoot = "";
			targets = (
				F9F2716316E4CEEC0048A75D /* ScriptureMastery */,
			);
		};
/* End PBXProject section */

/* Begin PBXResourcesBuildPhase section */
		F9F2716216E4CEEC0048A75D /* Resources */ = {
			isa = PBXResourcesBuildPhase;
			buildActionMask = 2147483647;
			files = (
				F9F2717316E4CEEC0048A75D /* InfoPlist.strings in Resources */,
				F9F2717B16E4CEEC0048A75D /* Default.png in Resources */,
				F9F2717D16E4CEEC0048A75D /* Default@2x.png in Resources */,
				F9F2717F16E4CEEC0048A75D /* Default-568h@2x.png in Resources */,
				F9F2718216E4CEEC0048A75D /* MainStoryboard.storyboard in Resources */,
			);
			runOnlyForDeploymentPostprocessing = 0;
		};
/* End PBXResourcesBuildPhase section */

/* Begin PBXSourcesBuildPhase section */
		F9F2716016E4CEEC0048A75D /* Sources */ = {
			isa = PBXSourcesBuildPhase;
			buildActionMask = 2147483647;
			files = (
				F9F2717516E4CEEC0048A75D /* main.m in Sources */,
				F9F2717916E4CEEC0048A75D /* SMAppDelegate.m in Sources */,
				F9F2718516E4CEEC0048A75D /* SMViewController.m in Sources */,
			);
			runOnlyForDeploymentPostprocessing = 0;
		};
/* End PBXSourcesBuildPhase section */

/* Begin PBXVariantGroup section */
		F9F2717116E4CEEC0048A75D /* InfoPlist.strings */ = {
			isa = PBXVariantGroup;
			children = (
				F9F2717216E4CEEC0048A75D /* en */,
			);
			name = InfoPlist.strings;
			sourceTree = "<group>";
		};
		F9F2718016E4CEEC0048A75D /* MainStoryboard.storyboard */ = {
			isa = PBXVariantGroup;
			children = (
				F9F2718116E4CEEC0048A75D /* en */,
			);
			name = MainStoryboard.storyboard;
			sourceTree = "<group>";
		};
/* End PBXVariantGroup section */

/* Begin XCBuildConfiguration section */
		F9F2718616E4CEEC0048A75D /* Debug */ = {
			isa = XCBuildConfiguration;
			buildSettings = {
				ALWAYS_SEARCH_USER_PATHS = NO;
				CLANG_CXX_LANGUAGE_STANDARD = "gnu++0x";
				CLANG_CXX_LIBRARY = "libc++";
				CLANG_ENABLE_OBJC_ARC = YES;
				CLANG_WARN_EMPTY_BODY = YES;
				CLANG_WARN__DUPLICATE_METHOD_MATCH = YES;
				"CODE_SIGN_IDENTITY[sdk=iphoneos*]" = "iPhone Developer";
				COPY_PHASE_STRIP = NO;
				GCC_C_LANGUAGE_STANDARD = gnu99;
				GCC_DYNAMIC_NO_PIC = NO;
				GCC_OPTIMIZATION_LEVEL = 0;
				GCC_PREPROCESSOR_DEFINITIONS = (
					"DEBUG=1",
					"$(inherited)",
				);
				GCC_SYMBOLS_PRIVATE_EXTERN = NO;
				GCC_WARN_ABOUT_RETURN_TYPE = YES;
				GCC_WARN_UNINITIALIZED_AUTOS = YES;
				GCC_WARN_UNUSED_VARIABLE = YES;
				IPHONEOS_DEPLOYMENT_TARGET = 6.0;
				ONLY_ACTIVE_ARCH = YES;
				SDKROOT = iphoneos;
			};
			name = Debug;
		};
		F9F2718716E4CEEC0048A75D /* Release */ = {
			isa = XCBuildConfiguration;
			buildSettings = {
				ALWAYS_SEARCH_USER_PATHS = NO;
				CLANG_CXX_LANGUAGE_STANDARD = "gnu++0x";
				CLANG_CXX_LIBRARY = "libc++";
				CLANG_ENABLE_OBJC_ARC = YES;
				CLANG_WARN_EMPTY_BODY = YES;
				CLANG_WARN__DUPLICATE_METHOD_MATCH = YES;
				"CODE_SIGN_IDENTITY[sdk=iphoneos*]" = "iPhone Developer";
				COPY_PHASE_STRIP = YES;
				GCC_C_LANGUAGE_STANDARD = gnu99;
				GCC_WARN_ABOUT_RETURN_TYPE = YES;
				GCC_WARN_UNINITIALIZED_AUTOS = YES;
				GCC_WARN_UNUSED_VARIABLE = YES;
				IPHONEOS_DEPLOYMENT_TARGET = 6.0;
				OTHER_CFLAGS = "-DNS_BLOCK_ASSERTIONS=1";
				SDKROOT = iphoneos;
				VALIDATE_PRODUCT = YES;
			};
			name = Release;
		};
		F9F2718916E4CEEC0048A75D /* Debug */ = {
			isa = XCBuildConfiguration;
			buildSettings = {
				GCC_PRECOMPILE_PREFIX_HEADER = YES;
				GCC_PREFIX_HEADER = "ScriptureMastery/ScriptureMastery-Prefix.pch";
				INFOPLIST_FILE = "ScriptureMastery/ScriptureMastery-Info.plist";
				PRODUCT_NAME = "$(TARGET_NAME)";
				WRAPPER_EXTENSION = app;
			};
			name = Debug;
		};
		F9F2718A16E4CEEC0048A75D /* Release */ = {
			isa = XCBuildConfiguration;
			buildSettings = {
				GCC_PRECOMPILE_PREFIX_HEADER = YES;
				GCC_PREFIX_HEADER = "ScriptureMastery/ScriptureMastery-Prefix.pch";
				INFOPLIST_FILE = "ScriptureMastery/ScriptureMastery-Info.plist";
				PRODUCT_NAME = "$(TARGET_NAME)";
				WRAPPER_EXTENSION = app;
			};
			name = Release;
		};
/* End XCBuildConfiguration section */

/* Begin XCConfigurationList section */
		F9F2715E16E4CEEC0048A75D /* Build configuration list for PBXProject "ScriptureMastery" */ = {
			isa = XCConfigurationList;
			buildConfigurations = (
				F9F2718616E4CEEC0048A75D /* Debug */,
				F9F2718716E4CEEC0048A75D /* Release */,
			);
			defaultConfigurationIsVisible = 0;
			defaultConfigurationName = Release;
		};
		F9F2718816E4CEEC0048A75D /* Build configuration list for PBXNativeTarget "ScriptureMastery" */ = {
			isa = XCConfigurationList;
			buildConfigurations = (
				F9F2718916E4CEEC0048A75D /* Debug */,
				F9F2718A16E4CEEC0048A75D /* Release */,
			);
			defaultConfigurationIsVisible = 0;
		};
/* End XCConfigurationList section */
	};
	rootObject = F9F2715B16E4CEEC0048A75D /* Project object */;
}
